
Microsoft Visual Studio Solution File, Format Version 12.00
# Visual Studio 15
VisualStudioVersion = 15.0.27130.2027
MinimumVisualStudioVersion = 10.0.40219.1
Project("{FAE04EC0-301F-11D3-BF4B-00C04F79EFBC}") = "IlluminanceSender", "IlluminanceSender\IlluminanceSender\IlluminanceSender.csproj", "{88060DA5-79F5-4D24-9636-E52A61A40476}"
EndProject
Project("{FAE04EC0-301F-11D3-BF4B-00C04F79EFBC}") = "IlluminanceSender.Android", "IlluminanceSender\IlluminanceSender.Android\IlluminanceSender.Android.csproj", "{9F04845B-304E-47BD-84B6-57EADDAAC153}"
EndProject
Project("{FAE04EC0-301F-11D3-BF4B-00C04F79EFBC}") = "IlluminanceSender.iOS", "IlluminanceSender\IlluminanceSender.iOS\IlluminanceSender.iOS.csproj", "{10FCA46F-19C1-4C56-AE7D-22DEF8F4DCB2}"
EndProject
Project("{FAE04EC0-301F-11D3-BF4B-00C04F79EFBC}") = "IlluminanceSender.UWP", "IlluminanceSender\IlluminanceSender.UWP\IlluminanceSender.UWP.csproj", "{866A3B8D-C57B-463B-943E-196218A03338}"
EndProject
Global
	GlobalSection(SolutionConfigurationPlatforms) = preSolution
		Ad-Hoc|Any CPU = Ad-Hoc|Any CPU
		Ad-Hoc|ARM = Ad-Hoc|ARM
		Ad-Hoc|iPhone = Ad-Hoc|iPhone
		Ad-Hoc|iPhoneSimulator = Ad-Hoc|iPhoneSimulator
		Ad-Hoc|x64 = Ad-Hoc|x64
		Ad-Hoc|x86 = Ad-Hoc|x86
		AppStore|Any CPU = AppStore|Any CPU
		AppStore|ARM = AppStore|ARM
		AppStore|iPhone = AppStore|iPhone
		AppStore|iPhoneSimulator = AppStore|iPhoneSimulator
		AppStore|x64 = AppStore|x64
		AppStore|x86 = AppStore|x86
		Debug|Any CPU = Debug|Any CPU
		Debug|ARM = Debug|ARM
		Debug|iPhone = Debug|iPhone
		Debug|iPhoneSimulator = Debug|iPhoneSimulator
		Debug|x64 = Debug|x64
		Debug|x86 = Debug|x86
		Release|Any CPU = Release|Any CPU
		Release|ARM = Release|ARM
		Release|iPhone = Release|iPhone
		Release|iPhoneSimulator = Release|iPhoneSimulator
		Release|x64 = Release|x64
		Release|x86 = Release|x86
	EndGlobalSection
	GlobalSection(ProjectConfigurationPlatforms) = postSolution
		{88060DA5-79F5-4D24-9636-E52A61A40476}.Ad-Hoc|Any CPU.ActiveCfg = Debug|Any CPU
		{88060DA5-79F5-4D24-9636-E52A61A40476}.Ad-Hoc|Any CPU.Build.0 = Debug|Any CPU
		{88060DA5-79F5-4D24-9636-E52A61A40476}.Ad-Hoc|ARM.ActiveCfg = Debug|Any CPU
		{88060DA5-79F5-4D24-9636-E52A61A40476}.Ad-Hoc|ARM.Build.0 = Debug|Any CPU
		{88060DA5-79F5-4D24-9636-E52A61A40476}.Ad-Hoc|iPhone.ActiveCfg = Debug|Any CPU
		{88060DA5-79F5-4D24-9636-E52A61A40476}.Ad-Hoc|iPhone.Build.0 = Debug|Any CPU
		{88060DA5-79F5-4D24-9636-E52A61A40476}.Ad-Hoc|iPhoneSimulator.ActiveCfg = Debug|Any CPU
		{88060DA5-79F5-4D24-9636-E52A61A40476}.Ad-Hoc|iPhoneSimulator.Build.0 = Debug|Any CPU
		{88060DA5-79F5-4D24-9636-E52A61A40476}.Ad-Hoc|x64.ActiveCfg = Debug|Any CPU
		{88060DA5-79F5-4D24-9636-E52A61A40476}.Ad-Hoc|x64.Build.0 = Debug|Any CPU
		{88060DA5-79F5-4D24-9636-E52A61A40476}.Ad-Hoc|x86.ActiveCfg = Debug|Any CPU
		{88060DA5-79F5-4D24-9636-E52A61A40476}.Ad-Hoc|x86.Build.0 = Debug|Any CPU
		{88060DA5-79F5-4D24-9636-E52A61A40476}.AppStore|Any CPU.ActiveCfg = Debug|Any CPU
		{88060DA5-79F5-4D24-9636-E52A61A40476}.AppStore|Any CPU.Build.0 = Debug|Any CPU
		{88060DA5-79F5-4D24-9636-E52A61A40476}.AppStore|ARM.ActiveCfg = Debug|Any CPU
		{88060DA5-79F5-4D24-9636-E52A61A40476}.AppStore|ARM.Build.0 = Debug|Any CPU
		{88060DA5-79F5-4D24-9636-E52A61A40476}.AppStore|iPhone.ActiveCfg = Debug|Any CPU
		{88060DA5-79F5-4D24-9636-E52A61A40476}.AppStore|iPhone.Build.0 = Debug|Any CPU
		{88060DA5-79F5-4D24-9636-E52A61A40476}.AppStore|iPhoneSimulator.ActiveCfg = Debug|Any CPU
		{88060DA5-79F5-4D24-9636-E52A61A40476}.AppStore|iPhoneSimulator.Build.0 = Debug|Any CPU
		{88060DA5-79F5-4D24-9636-E52A61A40476}.AppStore|x64.ActiveCfg = Debug|Any CPU
		{88060DA5-79F5-4D24-9636-E52A61A40476}.AppStore|x64.Build.0 = Debug|Any CPU
		{88060DA5-79F5-4D24-9636-E52A61A40476}.AppStore|x86.ActiveCfg = Debug|Any CPU
		{88060DA5-79F5-4D24-9636-E52A61A40476}.AppStore|x86.Build.0 = Debug|Any CPU
		{88060DA5-79F5-4D24-9636-E52A61A40476}.Debug|Any CPU.ActiveCfg = Debug|Any CPU
		{88060DA5-79F5-4D24-9636-E52A61A40476}.Debug|Any CPU.Build.0 = Debug|Any CPU
		{88060DA5-79F5-4D24-9636-E52A61A40476}.Debug|ARM.ActiveCfg = Debug|Any CPU
		{88060DA5-79F5-4D24-9636-E52A61A40476}.Debug|ARM.Build.0 = Debug|Any CPU
		{88060DA5-79F5-4D24-9636-E52A61A40476}.Debug|iPhone.ActiveCfg = Debug|Any CPU
		{88060DA5-79F5-4D24-9636-E52A61A40476}.Debug|iPhone.Build.0 = Debug|Any CPU
		{88060DA5-79F5-4D24-9636-E52A61A40476}.Debug|iPhoneSimulator.ActiveCfg = Debug|Any CPU
		{88060DA5-79F5-4D24-9636-E52A61A40476}.Debug|iPhoneSimulator.Build.0 = Debug|Any CPU
		{88060DA5-79F5-4D24-9636-E52A61A40476}.Debug|x64.ActiveCfg = Debug|Any CPU
		{88060DA5-79F5-4D24-9636-E52A61A40476}.Debug|x64.Build.0 = Debug|Any CPU
		{88060DA5-79F5-4D24-9636-E52A61A40476}.Debug|x86.ActiveCfg = Debug|Any CPU
		{88060DA5-79F5-4D24-9636-E52A61A40476}.Debug|x86.Build.0 = Debug|Any CPU
		{88060DA5-79F5-4D24-9636-E52A61A40476}.Release|Any CPU.ActiveCfg = Release|Any CPU
		{88060DA5-79F5-4D24-9636-E52A61A40476}.Release|Any CPU.Build.0 = Release|Any CPU
		{88060DA5-79F5-4D24-9636-E52A61A40476}.Release|ARM.ActiveCfg = Release|Any CPU
		{88060DA5-79F5-4D24-9636-E52A61A40476}.Release|ARM.Build.0 = Release|Any CPU
		{88060DA5-79F5-4D24-9636-E52A61A40476}.Release|iPhone.ActiveCfg = Release|Any CPU
		{88060DA5-79F5-4D24-9636-E52A61A40476}.Release|iPhone.Build.0 = Release|Any CPU
		{88060DA5-79F5-4D24-9636-E52A61A40476}.Release|iPhoneSimulator.ActiveCfg = Release|Any CPU
		{88060DA5-79F5-4D24-9636-E52A61A40476}.Release|iPhoneSimulator.Build.0 = Release|Any CPU
		{88060DA5-79F5-4D24-9636-E52A61A40476}.Release|x64.ActiveCfg = Release|Any CPU
		{88060DA5-79F5-4D24-9636-E52A61A40476}.Release|x64.Build.0 = Release|Any CPU
		{88060DA5-79F5-4D24-9636-E52A61A40476}.Release|x86.ActiveCfg = Release|Any CPU
		{88060DA5-79F5-4D24-9636-E52A61A40476}.Release|x86.Build.0 = Release|Any CPU
		{9F04845B-304E-47BD-84B6-57EADDAAC153}.Ad-Hoc|Any CPU.ActiveCfg = Release|Any CPU
		{9F04845B-304E-47BD-84B6-57EADDAAC153}.Ad-Hoc|Any CPU.Build.0 = Release|Any CPU
		{9F04845B-304E-47BD-84B6-57EADDAAC153}.Ad-Hoc|Any CPU.Deploy.0 = Release|Any CPU
		{9F04845B-304E-47BD-84B6-57EADDAAC153}.Ad-Hoc|ARM.ActiveCfg = Release|Any CPU
		{9F04845B-304E-47BD-84B6-57EADDAAC153}.Ad-Hoc|ARM.Build.0 = Release|Any CPU
		{9F04845B-304E-47BD-84B6-57EADDAAC153}.Ad-Hoc|ARM.Deploy.0 = Release|Any CPU
		{9F04845B-304E-47BD-84B6-57EADDAAC153}.Ad-Hoc|iPhone.ActiveCfg = Release|Any CPU
		{9F04845B-304E-47BD-84B6-57EADDAAC153}.Ad-Hoc|iPhone.Build.0 = Release|Any CPU
		{9F04845B-304E-47BD-84B6-57EADDAAC153}.Ad-Hoc|iPhone.Deploy.0 = Release|Any CPU
		{9F04845B-304E-47BD-84B6-57EADDAAC153}.Ad-Hoc|iPhoneSimulator.ActiveCfg = Release|Any CPU
		{9F04845B-304E-47BD-84B6-57EADDAAC153}.Ad-Hoc|iPhoneSimulator.Build.0 = Release|Any CPU
		{9F04845B-304E-47BD-84B6-57EADDAAC153}.Ad-Hoc|iPhoneSimulator.Deploy.0 = Release|Any CPU
		{9F04845B-304E-47BD-84B6-57EADDAAC153}.Ad-Hoc|x64.ActiveCfg = Release|Any CPU
		{9F04845B-304E-47BD-84B6-57EADDAAC153}.Ad-Hoc|x64.Build.0 = Release|Any CPU
		{9F04845B-304E-47BD-84B6-57EADDAAC153}.Ad-Hoc|x64.Deploy.0 = Release|Any CPU
		{9F04845B-304E-47BD-84B6-57EADDAAC153}.Ad-Hoc|x86.ActiveCfg = Release|Any CPU
		{9F04845B-304E-47BD-84B6-57EADDAAC153}.Ad-Hoc|x86.Build.0 = Release|Any CPU
		{9F04845B-304E-47BD-84B6-57EADDAAC153}.Ad-Hoc|x86.Deploy.0 = Release|Any CPU
		{9F04845B-304E-47BD-84B6-57EADDAAC153}.AppStore|Any CPU.ActiveCfg = Release|Any CPU
		{9F04845B-304E-47BD-84B6-57EADDAAC153}.AppStore|Any CPU.Build.0 = Release|Any CPU
		{9F04845B-304E-47BD-84B6-57EADDAAC153}.AppStore|Any CPU.Deploy.0 = Release|Any CPU
		{9F04845B-304E-47BD-84B6-57EADDAAC153}.AppStore|ARM.ActiveCfg = Release|Any CPU
		{9F04845B-304E-47BD-84B6-57EADDAAC153}.AppStore|ARM.Build.0 = Release|Any CPU
		{9F04845B-304E-47BD-84B6-57EADDAAC153}.AppStore|ARM.Deploy.0 = Release|Any CPU
		{9F04845B-304E-47BD-84B6-57EADDAAC153}.AppStore|iPhone.ActiveCfg = Release|Any CPU
		{9F04845B-304E-47BD-84B6-57EADDAAC153}.AppStore|iPhone.Build.0 = Release|Any CPU
		{9F04845B-304E-47BD-84B6-57EADDAAC153}.AppStore|iPhone.Deploy.0 = Release|Any CPU
		{9F04845B-304E-47BD-84B6-57EADDAAC153}.AppStore|iPhoneSimulator.ActiveCfg = Release|Any CPU
		{9F04845B-304E-47BD-84B6-57EADDAAC153}.AppStore|iPhoneSimulator.Build.0 = Release|Any CPU
		{9F04845B-304E-47BD-84B6-57EADDAAC153}.AppStore|iPhoneSimulator.Deploy.0 = Release|Any CPU
		{9F04845B-304E-47BD-84B6-57EADDAAC153}.AppStore|x64.ActiveCfg = Release|Any CPU
		{9F04845B-304E-47BD-84B6-57EADDAAC153}.AppStore|x64.Build.0 = Release|Any CPU
		{9F04845B-304E-47BD-84B6-57EADDAAC153}.AppStore|x64.Deploy.0 = Release|Any CPU
		{9F04845B-304E-47BD-84B6-57EADDAAC153}.AppStore|x86.ActiveCfg = Release|Any CPU
		{9F04845B-304E-47BD-84B6-57EADDAAC153}.AppStore|x86.Build.0 = Release|Any CPU
		{9F04845B-304E-47BD-84B6-57EADDAAC153}.AppStore|x86.Deploy.0 = Release|Any CPU
		{9F04845B-304E-47BD-84B6-57EADDAAC153}.Debug|Any CPU.ActiveCfg = Debug|Any CPU
		{9F04845B-304E-47BD-84B6-57EADDAAC153}.Debug|Any CPU.Build.0 = Debug|Any CPU
		{9F04845B-304E-47BD-84B6-57EADDAAC153}.Debug|Any CPU.Deploy.0 = Debug|Any CPU
		{9F04845B-304E-47BD-84B6-57EADDAAC153}.Debug|ARM.ActiveCfg = Debug|Any CPU
		{9F04845B-304E-47BD-84B6-57EADDAAC153}.Debug|ARM.Build.0 = Debug|Any CPU
		{9F04845B-304E-47BD-84B6-57EADDAAC153}.Debug|ARM.Deploy.0 = Debug|Any CPU
		{9F04845B-304E-47BD-84B6-57EADDAAC153}.Debug|iPhone.ActiveCfg = Debug|Any CPU
		{9F04845B-304E-47BD-84B6-57EADDAAC153}.Debug|iPhone.Build.0 = Debug|Any CPU
		{9F04845B-304E-47BD-84B6-57EADDAAC153}.Debug|iPhone.Deploy.0 = Debug|Any CPU
		{9F04845B-304E-47BD-84B6-57EADDAAC153}.Debug|iPhoneSimulator.ActiveCfg = Debug|Any CPU
		{9F04845B-304E-47BD-84B6-57EADDAAC153}.Debug|iPhoneSimulator.Build.0 = Debug|Any CPU
		{9F04845B-304E-47BD-84B6-57EADDAAC153}.Debug|iPhoneSimulator.Deploy.0 = Debug|Any CPU
		{9F04845B-304E-47BD-84B6-57EADDAAC153}.Debug|x64.ActiveCfg = Debug|Any CPU
		{9F04845B-304E-47BD-84B6-57EADDAAC153}.Debug|x64.Build.0 = Debug|Any CPU
		{9F04845B-304E-47BD-84B6-57EADDAAC153}.Debug|x64.Deploy.0 = Debug|Any CPU
		{9F04845B-304E-47BD-84B6-57EADDAAC153}.Debug|x86.ActiveCfg = Debug|Any CPU
		{9F04845B-304E-47BD-84B6-57EADDAAC153}.Debug|x86.Build.0 = Debug|Any CPU
		{9F04845B-304E-47BD-84B6-57EADDAAC153}.Debug|x86.Deploy.0 = Debug|Any CPU
		{9F04845B-304E-47BD-84B6-57EADDAAC153}.Release|Any CPU.ActiveCfg = Release|Any CPU
		{9F04845B-304E-47BD-84B6-57EADDAAC153}.Release|Any CPU.Build.0 = Release|Any CPU
		{9F04845B-304E-47BD-84B6-57EADDAAC153}.Release|Any CPU.Deploy.0 = Release|Any CPU
		{9F04845B-304E-47BD-84B6-57EADDAAC153}.Release|ARM.ActiveCfg = Release|Any CPU
		{9F04845B-304E-47BD-84B6-57EADDAAC153}.Release|ARM.Build.0 = Release|Any CPU
		{9F04845B-304E-47BD-84B6-57EADDAAC153}.Release|ARM.Deploy.0 = Release|Any CPU
		{9F04845B-304E-47BD-84B6-57EADDAAC153}.Release|iPhone.ActiveCfg = Release|Any CPU
		{9F04845B-304E-47BD-84B6-57EADDAAC153}.Release|iPhone.Build.0 = Release|Any CPU
		{9F04845B-304E-47BD-84B6-57EADDAAC153}.Release|iPhone.Deploy.0 = Release|Any CPU
		{9F04845B-304E-47BD-84B6-57EADDAAC153}.Release|iPhoneSimulator.ActiveCfg = Release|Any CPU
		{9F04845B-304E-47BD-84B6-57EADDAAC153}.Release|iPhoneSimulator.Build.0 = Release|Any CPU
		{9F04845B-304E-47BD-84B6-57EADDAAC153}.Release|iPhoneSimulator.Deploy.0 = Release|Any CPU
		{9F04845B-304E-47BD-84B6-57EADDAAC153}.Release|x64.ActiveCfg = Release|Any CPU
		{9F04845B-304E-47BD-84B6-57EADDAAC153}.Release|x64.Build.0 = Release|Any CPU
		{9F04845B-304E-47BD-84B6-57EADDAAC153}.Release|x64.Deploy.0 = Release|Any CPU
		{9F04845B-304E-47BD-84B6-57EADDAAC153}.Release|x86.ActiveCfg = Release|Any CPU
		{9F04845B-304E-47BD-84B6-57EADDAAC153}.Release|x86.Build.0 = Release|Any CPU
		{9F04845B-304E-47BD-84B6-57EADDAAC153}.Release|x86.Deploy.0 = Release|Any CPU
		{10FCA46F-19C1-4C56-AE7D-22DEF8F4DCB2}.Ad-Hoc|Any CPU.ActiveCfg = Ad-Hoc|iPhone
		{10FCA46F-19C1-4C56-AE7D-22DEF8F4DCB2}.Ad-Hoc|ARM.ActiveCfg = Ad-Hoc|iPhone
		{10FCA46F-19C1-4C56-AE7D-22DEF8F4DCB2}.Ad-Hoc|iPhone.ActiveCfg = Ad-Hoc|iPhone
		{10FCA46F-19C1-4C56-AE7D-22DEF8F4DCB2}.Ad-Hoc|iPhone.Build.0 = Ad-Hoc|iPhone
		{10FCA46F-19C1-4C56-AE7D-22DEF8F4DCB2}.Ad-Hoc|iPhoneSimulator.ActiveCfg = Ad-Hoc|iPhoneSimulator
		{10FCA46F-19C1-4C56-AE7D-22DEF8F4DCB2}.Ad-Hoc|iPhoneSimulator.Build.0 = Ad-Hoc|iPhoneSimulator
		{10FCA46F-19C1-4C56-AE7D-22DEF8F4DCB2}.Ad-Hoc|x64.ActiveCfg = Ad-Hoc|iPhone
		{10FCA46F-19C1-4C56-AE7D-22DEF8F4DCB2}.Ad-Hoc|x86.ActiveCfg = Ad-Hoc|iPhone
		{10FCA46F-19C1-4C56-AE7D-22DEF8F4DCB2}.AppStore|Any CPU.ActiveCfg = AppStore|iPhone
		{10FCA46F-19C1-4C56-AE7D-22DEF8F4DCB2}.AppStore|ARM.ActiveCfg = AppStore|iPhone
		{10FCA46F-19C1-4C56-AE7D-22DEF8F4DCB2}.AppStore|iPhone.ActiveCfg = AppStore|iPhone
		{10FCA46F-19C1-4C56-AE7D-22DEF8F4DCB2}.AppStore|iPhone.Build.0 = AppStore|iPhone
		{10FCA46F-19C1-4C56-AE7D-22DEF8F4DCB2}.AppStore|iPhoneSimulator.ActiveCfg = AppStore|iPhoneSimulator
		{10FCA46F-19C1-4C56-AE7D-22DEF8F4DCB2}.AppStore|iPhoneSimulator.Build.0 = AppStore|iPhoneSimulator
		{10FCA46F-19C1-4C56-AE7D-22DEF8F4DCB2}.AppStore|x64.ActiveCfg = AppStore|iPhone
		{10FCA46F-19C1-4C56-AE7D-22DEF8F4DCB2}.AppStore|x86.ActiveCfg = AppStore|iPhone
		{10FCA46F-19C1-4C56-AE7D-22DEF8F4DCB2}.Debug|Any CPU.ActiveCfg = Debug|iPhone
		{10FCA46F-19C1-4C56-AE7D-22DEF8F4DCB2}.Debug|ARM.ActiveCfg = Debug|iPhone
		{10FCA46F-19C1-4C56-AE7D-22DEF8F4DCB2}.Debug|iPhone.ActiveCfg = Debug|iPhone
		{10FCA46F-19C1-4C56-AE7D-22DEF8F4DCB2}.Debug|iPhone.Build.0 = Debug|iPhone
		{10FCA46F-19C1-4C56-AE7D-22DEF8F4DCB2}.Debug|iPhoneSimulator.ActiveCfg = Debug|iPhoneSimulator
		{10FCA46F-19C1-4C56-AE7D-22DEF8F4DCB2}.Debug|iPhoneSimulator.Build.0 = Debug|iPhoneSimulator
		{10FCA46F-19C1-4C56-AE7D-22DEF8F4DCB2}.Debug|x64.ActiveCfg = Debug|iPhone
		{10FCA46F-19C1-4C56-AE7D-22DEF8F4DCB2}.Debug|x86.ActiveCfg = Debug|iPhone
		{10FCA46F-19C1-4C56-AE7D-22DEF8F4DCB2}.Release|Any CPU.ActiveCfg = Release|iPhone
		{10FCA46F-19C1-4C56-AE7D-22DEF8F4DCB2}.Release|ARM.ActiveCfg = Release|iPhone
		{10FCA46F-19C1-4C56-AE7D-22DEF8F4DCB2}.Release|iPhone.ActiveCfg = Release|iPhone
		{10FCA46F-19C1-4C56-AE7D-22DEF8F4DCB2}.Release|iPhone.Build.0 = Release|iPhone
		{10FCA46F-19C1-4C56-AE7D-22DEF8F4DCB2}.Release|iPhoneSimulator.ActiveCfg = Release|iPhoneSimulator
		{10FCA46F-19C1-4C56-AE7D-22DEF8F4DCB2}.Release|iPhoneSimulator.Build.0 = Release|iPhoneSimulator
		{10FCA46F-19C1-4C56-AE7D-22DEF8F4DCB2}.Release|x64.ActiveCfg = Release|iPhone
		{10FCA46F-19C1-4C56-AE7D-22DEF8F4DCB2}.Release|x86.ActiveCfg = Release|iPhone
		{866A3B8D-C57B-463B-943E-196218A03338}.Ad-Hoc|Any CPU.ActiveCfg = Release|x86
		{866A3B8D-C57B-463B-943E-196218A03338}.Ad-Hoc|Any CPU.Build.0 = Release|x86
		{866A3B8D-C57B-463B-943E-196218A03338}.Ad-Hoc|Any CPU.Deploy.0 = Release|x86
		{866A3B8D-C57B-463B-943E-196218A03338}.Ad-Hoc|ARM.ActiveCfg = Release|ARM
		{866A3B8D-C57B-463B-943E-196218A03338}.Ad-Hoc|ARM.Build.0 = Release|ARM
		{866A3B8D-C57B-463B-943E-196218A03338}.Ad-Hoc|ARM.Deploy.0 = Release|ARM
		{866A3B8D-C57B-463B-943E-196218A03338}.Ad-Hoc|iPhone.ActiveCfg = Release|x86
		{866A3B8D-C57B-463B-943E-196218A03338}.Ad-Hoc|iPhone.Build.0 = Release|x86
		{866A3B8D-C57B-463B-943E-196218A03338}.Ad-Hoc|iPhone.Deploy.0 = Release|x86
		{866A3B8D-C57B-463B-943E-196218A03338}.Ad-Hoc|iPhoneSimulator.ActiveCfg = Release|x86
		{866A3B8D-C57B-463B-943E-196218A03338}.Ad-Hoc|iPhoneSimulator.Build.0 = Release|x86
		{866A3B8D-C57B-463B-943E-196218A03338}.Ad-Hoc|iPhoneSimulator.Deploy.0 = Release|x86
		{866A3B8D-C57B-463B-943E-196218A03338}.Ad-Hoc|x64.ActiveCfg = Release|x64
		{866A3B8D-C57B-463B-943E-196218A03338}.Ad-Hoc|x64.Build.0 = Release|x64
		{866A3B8D-C57B-463B-943E-196218A03338}.Ad-Hoc|x64.Deploy.0 = Release|x64
		{866A3B8D-C57B-463B-943E-196218A03338}.Ad-Hoc|x86.ActiveCfg = Release|x86
		{866A3B8D-C57B-463B-943E-196218A03338}.Ad-Hoc|x86.Build.0 = Release|x86
		{866A3B8D-C57B-463B-943E-196218A03338}.Ad-Hoc|x86.Deploy.0 = Release|x86
		{866A3B8D-C57B-463B-943E-196218A03338}.AppStore|Any CPU.ActiveCfg = Release|x86
		{866A3B8D-C57B-463B-943E-196218A03338}.AppStore|Any CPU.Build.0 = Release|x86
		{866A3B8D-C57B-463B-943E-196218A03338}.AppStore|Any CPU.Deploy.0 = Release|x86
		{866A3B8D-C57B-463B-943E-196218A03338}.AppStore|ARM.ActiveCfg = Release|ARM
		{866A3B8D-C57B-463B-943E-196218A03338}.AppStore|ARM.Build.0 = Release|ARM
		{866A3B8D-C57B-463B-943E-196218A03338}.AppStore|ARM.Deploy.0 = Release|ARM
		{866A3B8D-C57B-463B-943E-196218A03338}.AppStore|iPhone.ActiveCfg = Release|x86
		{866A3B8D-C57B-463B-943E-196218A03338}.AppStore|iPhone.Build.0 = Release|x86
		{866A3B8D-C57B-463B-943E-196218A03338}.AppStore|iPhone.Deploy.0 = Release|x86
		{866A3B8D-C57B-463B-943E-196218A03338}.AppStore|iPhoneSimulator.ActiveCfg = Release|x86
		{866A3B8D-C57B-463B-943E-196218A03338}.AppStore|iPhoneSimulator.Build.0 = Release|x86
		{866A3B8D-C57B-463B-943E-196218A03338}.AppStore|iPhoneSimulator.Deploy.0 = Release|x86
		{866A3B8D-C57B-463B-943E-196218A03338}.AppStore|x64.ActiveCfg = Release|x64
		{866A3B8D-C57B-463B-943E-196218A03338}.AppStore|x64.Build.0 = Release|x64
		{866A3B8D-C57B-463B-943E-196218A03338}.AppStore|x64.Deploy.0 = Release|x64
		{866A3B8D-C57B-463B-943E-196218A03338}.AppStore|x86.ActiveCfg = Release|x86
		{866A3B8D-C57B-463B-943E-196218A03338}.AppStore|x86.Build.0 = Release|x86
		{866A3B8D-C57B-463B-943E-196218A03338}.AppStore|x86.Deploy.0 = Release|x86
		{866A3B8D-C57B-463B-943E-196218A03338}.Debug|Any CPU.ActiveCfg = Debug|x86
		{866A3B8D-C57B-463B-943E-196218A03338}.Debug|ARM.ActiveCfg = Debug|ARM
		{866A3B8D-C57B-463B-943E-196218A03338}.Debug|ARM.Build.0 = Debug|ARM
		{866A3B8D-C57B-463B-943E-196218A03338}.Debug|ARM.Deploy.0 = Debug|ARM
		{866A3B8D-C57B-463B-943E-196218A03338}.Debug|iPhone.ActiveCfg = Debug|x86
		{866A3B8D-C57B-463B-943E-196218A03338}.Debug|iPhoneSimulator.ActiveCfg = Debug|x86
		{866A3B8D-C57B-463B-943E-196218A03338}.Debug|x64.ActiveCfg = Debug|x64
		{866A3B8D-C57B-463B-943E-196218A03338}.Debug|x64.Build.0 = Debug|x64
		{866A3B8D-C57B-463B-943E-196218A03338}.Debug|x64.Deploy.0 = Debug|x64
		{866A3B8D-C57B-463B-943E-196218A03338}.Debug|x86.ActiveCfg = Debug|x86
		{866A3B8D-C57B-463B-943E-196218A03338}.Debug|x86.Build.0 = Debug|x86
		{866A3B8D-C57B-463B-943E-196218A03338}.Debug|x86.Deploy.0 = Debug|x86
		{866A3B8D-C57B-463B-943E-196218A03338}.Release|Any CPU.ActiveCfg = Release|x86
		{866A3B8D-C57B-463B-943E-196218A03338}.Release|ARM.ActiveCfg = Release|ARM
		{866A3B8D-C57B-463B-943E-196218A03338}.Release|ARM.Build.0 = Release|ARM
		{866A3B8D-C57B-463B-943E-196218A03338}.Release|ARM.Deploy.0 = Release|ARM
		{866A3B8D-C57B-463B-943E-196218A03338}.Release|iPhone.ActiveCfg = Release|x86
		{866A3B8D-C57B-463B-943E-196218A03338}.Release|iPhoneSimulator.ActiveCfg = Release|x86
		{866A3B8D-C57B-463B-943E-196218A03338}.Release|x64.ActiveCfg = Release|x64
		{866A3B8D-C57B-463B-943E-196218A03338}.Release|x64.Build.0 = Release|x64
		{866A3B8D-C57B-463B-943E-196218A03338}.Release|x64.Deploy.0 = Release|x64
		{866A3B8D-C57B-463B-943E-196218A03338}.Release|x86.ActiveCfg = Release|x86
		{866A3B8D-C57B-463B-943E-196218A03338}.Release|x86.Build.0 = Release|x86
		{866A3B8D-C57B-463B-943E-196218A03338}.Release|x86.Deploy.0 = Release|x86
	EndGlobalSection
	GlobalSection(SolutionProperties) = preSolution
		HideSolutionNode = FALSE
	EndGlobalSection
	GlobalSection(ExtensibilityGlobals) = postSolution
		SolutionGuid = {037A4ED1-D4CB-4D85-ABD6-1D9D27E82D9E}
	EndGlobalSection
EndGlobal
